
Microsoft Visual Studio Solution File, Format Version 12.00
# Visual Studio 2017
Project("{FAE04EC0-301F-11D3-BF4B-00C04F79EFBC}") = "BendSegmentation", "BendSegmentation.csproj", "{C97A599F-17B3-B709-FE5A-2920711681E4}"
EndProject
Global
	GlobalSection(SolutionConfigurationPlatforms) = preSolution
		Debug|Any CPU = Debug|Any CPU
		Release|Any CPU = Release|Any CPU
	EndGlobalSection
	GlobalSection(ProjectConfigurationPlatforms) = postSolution
		{C97A599F-17B3-B709-FE5A-2920711681E4}.Debug|Any CPU.ActiveCfg = Debug|Any CPU
		{C97A599F-17B3-B709-FE5A-2920711681E4}.Debug|Any CPU.Build.0 = Debug|Any CPU
		{C97A599F-17B3-B709-FE5A-2920711681E4}.Release|Any CPU.ActiveCfg = Release|Any CPU
		{C97A599F-17B3-B709-FE5A-2920711681E4}.Release|Any CPU.Build.0 = Release|Any CPU
	EndGlobalSection
	GlobalSection(SolutionProperties) = preSolution
		HideSolutionNode = FALSE
	EndGlobalSection
EndGlobal
